# This file is generated by running "yarn install" inside your project.
# Manual changes might be lost - proceed with caution!

__metadata:
  version: 6
  cacheKey: 8

"@babel/code-frame@npm:^7.0.0":
  version: 7.27.1
  resolution: "@babel/code-frame@npm:7.27.1"
  dependencies:
    "@babel/helper-validator-identifier": ^7.27.1
    js-tokens: ^4.0.0
    picocolors: ^1.1.1
  checksum: 5874edc5d37406c4a0bb14cf79c8e51ad412fb0423d176775ac14fc0259831be1bf95bdda9c2aa651126990505e09a9f0ed85deaa99893bc316d2682c5115bdc
  languageName: node
  linkType: hard

"@babel/helper-validator-identifier@npm:^7.27.1":
  version: 7.27.1
  resolution: "@babel/helper-validator-identifier@npm:7.27.1"
  checksum: 3c7e8391e59d6c85baeefe9afb86432f2ab821c6232b00ea9082a51d3e7e95a2f3fb083d74dc1f49ac82cf238e1d2295dafcb001f7b0fab479f3f56af5eaaa47
  languageName: node
  linkType: hard

"@emnapi/runtime@npm:^1.4.4":
  version: 1.5.0
  resolution: "@emnapi/runtime@npm:1.5.0"
  dependencies:
    tslib: ^2.4.0
  checksum: 03b23bdc0bb72bce4d8967ca29d623c2599af18977975c10532577db2ec89a57d97d2c76c5c4bde856c7c29302b9f7af357e921c42bd952bdda206972185819a
  languageName: node
  linkType: hard

"@img/sharp-darwin-arm64@npm:0.34.3":
  version: 0.34.3
  resolution: "@img/sharp-darwin-arm64@npm:0.34.3"
  dependencies:
    "@img/sharp-libvips-darwin-arm64": 1.2.0
  dependenciesMeta:
    "@img/sharp-libvips-darwin-arm64":
      optional: true
  conditions: os=darwin & cpu=arm64
  languageName: node
  linkType: hard

"@img/sharp-darwin-x64@npm:0.34.3":
  version: 0.34.3
  resolution: "@img/sharp-darwin-x64@npm:0.34.3"
  dependencies:
    "@img/sharp-libvips-darwin-x64": 1.2.0
  dependenciesMeta:
    "@img/sharp-libvips-darwin-x64":
      optional: true
  conditions: os=darwin & cpu=x64
  languageName: node
  linkType: hard

"@img/sharp-libvips-darwin-arm64@npm:1.2.0":
  version: 1.2.0
  resolution: "@img/sharp-libvips-darwin-arm64@npm:1.2.0"
  conditions: os=darwin & cpu=arm64
  languageName: node
  linkType: hard

"@img/sharp-libvips-darwin-x64@npm:1.2.0":
  version: 1.2.0
  resolution: "@img/sharp-libvips-darwin-x64@npm:1.2.0"
  conditions: os=darwin & cpu=x64
  languageName: node
  linkType: hard

"@img/sharp-libvips-linux-arm64@npm:1.2.0":
  version: 1.2.0
  resolution: "@img/sharp-libvips-linux-arm64@npm:1.2.0"
  conditions: os=linux & cpu=arm64 & libc=glibc
  languageName: node
  linkType: hard

"@img/sharp-libvips-linux-arm@npm:1.2.0":
  version: 1.2.0
  resolution: "@img/sharp-libvips-linux-arm@npm:1.2.0"
  conditions: os=linux & cpu=arm & libc=glibc
  languageName: node
  linkType: hard

"@img/sharp-libvips-linux-ppc64@npm:1.2.0":
  version: 1.2.0
  resolution: "@img/sharp-libvips-linux-ppc64@npm:1.2.0"
  conditions: os=linux & cpu=ppc64 & libc=glibc
  languageName: node
  linkType: hard

"@img/sharp-libvips-linux-s390x@npm:1.2.0":
  version: 1.2.0
  resolution: "@img/sharp-libvips-linux-s390x@npm:1.2.0"
  conditions: os=linux & cpu=s390x & libc=glibc
  languageName: node
  linkType: hard

"@img/sharp-libvips-linux-x64@npm:1.2.0":
  version: 1.2.0
  resolution: "@img/sharp-libvips-linux-x64@npm:1.2.0"
  conditions: os=linux & cpu=x64 & libc=glibc
  languageName: node
  linkType: hard

"@img/sharp-libvips-linuxmusl-arm64@npm:1.2.0":
  version: 1.2.0
  resolution: "@img/sharp-libvips-linuxmusl-arm64@npm:1.2.0"
  conditions: os=linux & cpu=arm64 & libc=musl
  languageName: node
  linkType: hard

"@img/sharp-libvips-linuxmusl-x64@npm:1.2.0":
  version: 1.2.0
  resolution: "@img/sharp-libvips-linuxmusl-x64@npm:1.2.0"
  conditions: os=linux & cpu=x64 & libc=musl
  languageName: node
  linkType: hard

"@img/sharp-linux-arm64@npm:0.34.3":
  version: 0.34.3
  resolution: "@img/sharp-linux-arm64@npm:0.34.3"
  dependencies:
    "@img/sharp-libvips-linux-arm64": 1.2.0
  dependenciesMeta:
    "@img/sharp-libvips-linux-arm64":
      optional: true
  conditions: os=linux & cpu=arm64 & libc=glibc
  languageName: node
  linkType: hard

"@img/sharp-linux-arm@npm:0.34.3":
  version: 0.34.3
  resolution: "@img/sharp-linux-arm@npm:0.34.3"
  dependencies:
    "@img/sharp-libvips-linux-arm": 1.2.0
  dependenciesMeta:
    "@img/sharp-libvips-linux-arm":
      optional: true
  conditions: os=linux & cpu=arm & libc=glibc
  languageName: node
  linkType: hard

"@img/sharp-linux-ppc64@npm:0.34.3":
  version: 0.34.3
  resolution: "@img/sharp-linux-ppc64@npm:0.34.3"
  dependencies:
    "@img/sharp-libvips-linux-ppc64": 1.2.0
  dependenciesMeta:
    "@img/sharp-libvips-linux-ppc64":
      optional: true
  conditions: os=linux & cpu=ppc64 & libc=glibc
  languageName: node
  linkType: hard

"@img/sharp-linux-s390x@npm:0.34.3":
  version: 0.34.3
  resolution: "@img/sharp-linux-s390x@npm:0.34.3"
  dependencies:
    "@img/sharp-libvips-linux-s390x": 1.2.0
  dependenciesMeta:
    "@img/sharp-libvips-linux-s390x":
      optional: true
  conditions: os=linux & cpu=s390x & libc=glibc
  languageName: node
  linkType: hard

"@img/sharp-linux-x64@npm:0.34.3":
  version: 0.34.3
  resolution: "@img/sharp-linux-x64@npm:0.34.3"
  dependencies:
    "@img/sharp-libvips-linux-x64": 1.2.0
  dependenciesMeta:
    "@img/sharp-libvips-linux-x64":
      optional: true
  conditions: os=linux & cpu=x64 & libc=glibc
  languageName: node
  linkType: hard

"@img/sharp-linuxmusl-arm64@npm:0.34.3":
  version: 0.34.3
  resolution: "@img/sharp-linuxmusl-arm64@npm:0.34.3"
  dependencies:
    "@img/sharp-libvips-linuxmusl-arm64": 1.2.0
  dependenciesMeta:
    "@img/sharp-libvips-linuxmusl-arm64":
      optional: true
  conditions: os=linux & cpu=arm64 & libc=musl
  languageName: node
  linkType: hard

"@img/sharp-linuxmusl-x64@npm:0.34.3":
  version: 0.34.3
  resolution: "@img/sharp-linuxmusl-x64@npm:0.34.3"
  dependencies:
    "@img/sharp-libvips-linuxmusl-x64": 1.2.0
  dependenciesMeta:
    "@img/sharp-libvips-linuxmusl-x64":
      optional: true
  conditions: os=linux & cpu=x64 & libc=musl
  languageName: node
  linkType: hard

"@img/sharp-wasm32@npm:0.34.3":
  version: 0.34.3
  resolution: "@img/sharp-wasm32@npm:0.34.3"
  dependencies:
    "@emnapi/runtime": ^1.4.4
  conditions: cpu=wasm32
  languageName: node
  linkType: hard

"@img/sharp-win32-arm64@npm:0.34.3":
  version: 0.34.3
  resolution: "@img/sharp-win32-arm64@npm:0.34.3"
  conditions: os=win32 & cpu=arm64
  languageName: node
  linkType: hard

"@img/sharp-win32-ia32@npm:0.34.3":
  version: 0.34.3
  resolution: "@img/sharp-win32-ia32@npm:0.34.3"
  conditions: os=win32 & cpu=ia32
  languageName: node
  linkType: hard

"@img/sharp-win32-x64@npm:0.34.3":
  version: 0.34.3
  resolution: "@img/sharp-win32-x64@npm:0.34.3"
  conditions: os=win32 & cpu=x64
  languageName: node
  linkType: hard

"@puppeteer/browsers@npm:2.10.9":
  version: 2.10.9
  resolution: "@puppeteer/browsers@npm:2.10.9"
  dependencies:
    debug: ^4.4.1
    extract-zip: ^2.0.1
    progress: ^2.0.3
    proxy-agent: ^6.5.0
    semver: ^7.7.2
    tar-fs: ^3.1.0
    yargs: ^17.7.2
  bin:
    browsers: lib/cjs/main-cli.js
  checksum: 14f2b4a8db6dcc9de7ead79ee5b61ab5ab6bf5251fe7d77c72ab1b85b20774606cda654c5ec78be89d3ac52ae171aabbb356849aac4e4d3b7ebc816ddca562e5
  languageName: node
  linkType: hard

"@tootallnate/quickjs-emscripten@npm:^0.23.0":
  version: 0.23.0
  resolution: "@tootallnate/quickjs-emscripten@npm:0.23.0"
  checksum: c350a2947ffb80b22e14ff35099fd582d1340d65723384a0fd0515e905e2534459ad2f301a43279a37308a27c99273c932e64649abd57d0bb3ca8c557150eccc
  languageName: node
  linkType: hard

"@types/node@npm:*":
  version: 24.3.3
  resolution: "@types/node@npm:24.3.3"
  dependencies:
    undici-types: ~7.10.0
  checksum: b67244aa37ab53690ac6f3565f06ad2e3ca5fae78ef3f60431e1c78e014426106643d3dc31d6f00b62aa8051cd1360178cafb6ce6a49afa5dcecba8339e23462
  languageName: node
  linkType: hard

"@types/yauzl@npm:^2.9.1":
  version: 2.10.3
  resolution: "@types/yauzl@npm:2.10.3"
  dependencies:
    "@types/node": "*"
  checksum: 5ee966ea7bd6b2802f31ad4281c92c4c0b6dfa593c378a2582c58541fa113bec3d70eb0696b34ad95e8e6861a884cba6c3e351285816693ed176222f840a8c08
  languageName: node
  linkType: hard

"agent-base@npm:^7.1.0, agent-base@npm:^7.1.2":
  version: 7.1.4
  resolution: "agent-base@npm:7.1.4"
  checksum: 86a7f542af277cfbd77dd61e7df8422f90bac512953709003a1c530171a9d019d072e2400eab2b59f84b49ab9dd237be44315ca663ac73e82b3922d10ea5eafa
  languageName: node
  linkType: hard

"ansi-regex@npm:^5.0.1":
  version: 5.0.1
  resolution: "ansi-regex@npm:5.0.1"
  checksum: 2aa4bb54caf2d622f1afdad09441695af2a83aa3fe8b8afa581d205e57ed4261c183c4d3877cee25794443fde5876417d859c108078ab788d6af7e4fe52eb66b
  languageName: node
  linkType: hard

"ansi-styles@npm:^4.0.0":
  version: 4.3.0
  resolution: "ansi-styles@npm:4.3.0"
  dependencies:
    color-convert: ^2.0.1
  checksum: 513b44c3b2105dd14cc42a19271e80f386466c4be574bccf60b627432f9198571ebf4ab1e4c3ba17347658f4ee1711c163d574248c0c1cdc2d5917a0ad582ec4
  languageName: node
  linkType: hard

"argparse@npm:^2.0.1":
  version: 2.0.1
  resolution: "argparse@npm:2.0.1"
  checksum: 83644b56493e89a254bae05702abf3a1101b4fa4d0ca31df1c9985275a5a5bd47b3c27b7fa0b71098d41114d8ca000e6ed90cad764b306f8a503665e4d517ced
  languageName: node
  linkType: hard

"ast-types@npm:^0.13.4":
  version: 0.13.4
  resolution: "ast-types@npm:0.13.4"
  dependencies:
    tslib: ^2.0.1
  checksum: 5a51f7b70588ecced3601845a0e203279ca2f5fdc184416a0a1640c93ec0a267241d6090a328e78eebb8de81f8754754e0a4f1558ba2a3d638f8ccbd0b1f0eff
  languageName: node
  linkType: hard

"b4a@npm:^1.6.4":
  version: 1.7.1
  resolution: "b4a@npm:1.7.1"
  peerDependencies:
    react-native-b4a: "*"
  peerDependenciesMeta:
    react-native-b4a:
      optional: true
  checksum: 51d3cf021cd71d0a55ee9ee59388c3c6af6d8189227ebf9001d95c6631a7c5802121970726e3f48536ca39577b75ecc15d8271f6bff1e573b350f573f0d8b16f
  languageName: node
  linkType: hard

"bare-events@npm:^2.2.0, bare-events@npm:^2.5.4":
  version: 2.6.1
  resolution: "bare-events@npm:2.6.1"
  checksum: 9df9f56620d5a2ff07cd8e62bd3d3ab366f53d20e3717a85a134b5bb63d7d3c87b35cd2d5eabfe487df1be3782d2c2f1c503776f31de0d4015e1d9528dc12b67
  languageName: node
  linkType: hard

"bare-fs@npm:^4.0.1":
  version: 4.4.4
  resolution: "bare-fs@npm:4.4.4"
  dependencies:
    bare-events: ^2.5.4
    bare-path: ^3.0.0
    bare-stream: ^2.6.4
    bare-url: ^2.2.2
    fast-fifo: ^1.3.2
  peerDependencies:
    bare-buffer: "*"
  peerDependenciesMeta:
    bare-buffer:
      optional: true
  checksum: 63a854c604274f9e5c5a83aa7056298f8815442281b4aeb9391219585425f4acfad6555fe19ea6c11e9818aa034e1f179973a8391bb4669473faa9ff32e3cfec
  languageName: node
  linkType: hard

"bare-os@npm:^3.0.1":
  version: 3.6.2
  resolution: "bare-os@npm:3.6.2"
  checksum: 339187a5f294b0433f2aa0e3180ffe635f82b9d4536fc818ec8b2b44af752421b1d4bb8eebefd5034cc462a26756900d67b95052ed5eeb2278cb2e23e566ae7a
  languageName: node
  linkType: hard

"bare-path@npm:^3.0.0":
  version: 3.0.0
  resolution: "bare-path@npm:3.0.0"
  dependencies:
    bare-os: ^3.0.1
  checksum: 51d559515f332f62cf9c37c38f2640c1b84b5e8c9de454b70baf029f806058cf94c51d6a0dfec0025cc7760f2069dc3e16c82f0d24f4a9ddb18c829bf9c0206d
  languageName: node
  linkType: hard

"bare-stream@npm:^2.6.4":
  version: 2.7.0
  resolution: "bare-stream@npm:2.7.0"
  dependencies:
    streamx: ^2.21.0
  peerDependencies:
    bare-buffer: "*"
    bare-events: "*"
  peerDependenciesMeta:
    bare-buffer:
      optional: true
    bare-events:
      optional: true
  checksum: aa7a762b65271022ecc154c1f65eff37a9ff5aa1effd3f3065074b2885d4e6101c1f9fe06001cf3f88f73b56cc2a4b87ce70405d266891ac5082aeb1e1f6a310
  languageName: node
  linkType: hard

"bare-url@npm:^2.2.2":
  version: 2.2.2
  resolution: "bare-url@npm:2.2.2"
  dependencies:
    bare-path: ^3.0.0
  checksum: a5bc3f34e9b2d10d3d67c62c922d8b4e02581eb00aba6249ad28568ecd8fe9c7eb6b1622174c2cbef07fe9ce4af59fdc7b83ac6cfe16df670e69abb814f29202
  languageName: node
  linkType: hard

"basic-ftp@npm:^5.0.2":
  version: 5.0.5
  resolution: "basic-ftp@npm:5.0.5"
  checksum: bc82d1c1c61cd838eaca96d68ece888bacf07546642fb6b9b8328ed410756f5935f8cf43a42cb44bb343e0565e28e908adc54c298bd2f1a6e0976871fb11fec6
  languageName: node
  linkType: hard

"buffer-crc32@npm:~0.2.3":
  version: 0.2.13
  resolution: "buffer-crc32@npm:0.2.13"
  checksum: 06252347ae6daca3453b94e4b2f1d3754a3b146a111d81c68924c22d91889a40623264e95e67955b1cb4a68cbedf317abeabb5140a9766ed248973096db5ce1c
  languageName: node
  linkType: hard

"callsites@npm:^3.0.0":
  version: 3.1.0
  resolution: "callsites@npm:3.1.0"
  checksum: 072d17b6abb459c2ba96598918b55868af677154bec7e73d222ef95a8fdb9bbf7dae96a8421085cdad8cd190d86653b5b6dc55a4484f2e5b2e27d5e0c3fc15b3
  languageName: node
  linkType: hard

"chromium-bidi@npm:8.0.0":
  version: 8.0.0
  resolution: "chromium-bidi@npm:8.0.0"
  dependencies:
    mitt: ^3.0.1
    zod: ^3.24.1
  peerDependencies:
    devtools-protocol: "*"
  checksum: 4241dc4bf44996b01907b940a180ff85c845d59a5a799d6dd9ba5fb64bc719ffff322d7204f57efc3478019fea397fb6c0871c2342f34e30cb1a8d3e017475e7
  languageName: node
  linkType: hard

"cliui@npm:^8.0.1":
  version: 8.0.1
  resolution: "cliui@npm:8.0.1"
  dependencies:
    string-width: ^4.2.0
    strip-ansi: ^6.0.1
    wrap-ansi: ^7.0.0
  checksum: 79648b3b0045f2e285b76fb2e24e207c6db44323581e421c3acbd0e86454cba1b37aea976ab50195a49e7384b871e6dfb2247ad7dec53c02454ac6497394cb56
  languageName: node
  linkType: hard

"color-convert@npm:^2.0.1":
  version: 2.0.1
  resolution: "color-convert@npm:2.0.1"
  dependencies:
    color-name: ~1.1.4
  checksum: 79e6bdb9fd479a205c71d89574fccfb22bd9053bd98c6c4d870d65c132e5e904e6034978e55b43d69fcaa7433af2016ee203ce76eeba9cfa554b373e7f7db336
  languageName: node
  linkType: hard

"color-name@npm:^1.0.0, color-name@npm:~1.1.4":
  version: 1.1.4
  resolution: "color-name@npm:1.1.4"
  checksum: b0445859521eb4021cd0fb0cc1a75cecf67fceecae89b63f62b201cca8d345baf8b952c966862a9d9a2632987d4f6581f0ec8d957dfacece86f0a7919316f610
  languageName: node
  linkType: hard

"color-string@npm:^1.9.0":
  version: 1.9.1
  resolution: "color-string@npm:1.9.1"
  dependencies:
    color-name: ^1.0.0
    simple-swizzle: ^0.2.2
  checksum: c13fe7cff7885f603f49105827d621ce87f4571d78ba28ef4a3f1a104304748f620615e6bf065ecd2145d0d9dad83a3553f52bb25ede7239d18e9f81622f1cc5
  languageName: node
  linkType: hard

"color@npm:^4.2.3":
  version: 4.2.3
  resolution: "color@npm:4.2.3"
  dependencies:
    color-convert: ^2.0.1
    color-string: ^1.9.0
  checksum: 0579629c02c631b426780038da929cca8e8d80a40158b09811a0112a107c62e10e4aad719843b791b1e658ab4e800558f2e87ca4522c8b32349d497ecb6adeb4
  languageName: node
  linkType: hard

"compositor-test@workspace:.":
  version: 0.0.0-use.local
  resolution: "compositor-test@workspace:."
  dependencies:
    pixelmatch: ^7.1.0
    pngjs: ^7.0.0
    puppeteer: ^24.20.0
    sharp: ^0.34.3
  languageName: unknown
  linkType: soft

"cosmiconfig@npm:^9.0.0":
  version: 9.0.0
  resolution: "cosmiconfig@npm:9.0.0"
  dependencies:
    env-paths: ^2.2.1
    import-fresh: ^3.3.0
    js-yaml: ^4.1.0
    parse-json: ^5.2.0
  peerDependencies:
    typescript: ">=4.9.5"
  peerDependenciesMeta:
    typescript:
      optional: true
  checksum: a30c424b53d442ea0bdd24cb1b3d0d8687c8dda4a17ab6afcdc439f8964438801619cdb66e8e79f63b9caa3e6586b60d8bab9ce203e72df6c5e80179b971fe8f
  languageName: node
  linkType: hard

"data-uri-to-buffer@npm:^6.0.2":
  version: 6.0.2
  resolution: "data-uri-to-buffer@npm:6.0.2"
  checksum: 8b6927c33f9b54037f442856be0aa20e5fd49fa6c9c8ceece408dc306445d593ad72d207d57037c529ce65f413b421da800c6827b1dbefb607b8056f17123a61
  languageName: node
  linkType: hard

"debug@npm:4, debug@npm:^4.1.1, debug@npm:^4.3.4, debug@npm:^4.4.1":
  version: 4.4.3
  resolution: "debug@npm:4.4.3"
  dependencies:
    ms: ^2.1.3
  peerDependenciesMeta:
    supports-color:
      optional: true
  checksum: 4805abd570e601acdca85b6aa3757186084a45cff9b2fa6eee1f3b173caa776b45f478b2a71a572d616d2010cea9211d0ac4a02a610e4c18ac4324bde3760834
  languageName: node
  linkType: hard

"degenerator@npm:^5.0.0":
  version: 5.0.1
  resolution: "degenerator@npm:5.0.1"
  dependencies:
    ast-types: ^0.13.4
    escodegen: ^2.1.0
    esprima: ^4.0.1
  checksum: a64fa39cdf6c2edd75188157d32338ee9de7193d7dbb2aeb4acb1eb30fa4a15ed80ba8dae9bd4d7b085472cf174a5baf81adb761aaa8e326771392c922084152
  languageName: node
  linkType: hard

"detect-libc@npm:^2.0.4":
  version: 2.0.4
  resolution: "detect-libc@npm:2.0.4"
  checksum: 3d186b7d4e16965e10e21db596c78a4e131f9eee69c0081d13b85e6a61d7448d3ba23fe7997648022bdfa3b0eb4cc3c289a44c8188df949445a20852689abef6
  languageName: node
  linkType: hard

"devtools-protocol@npm:0.0.1495869":
  version: 0.0.1495869
  resolution: "devtools-protocol@npm:0.0.1495869"
  checksum: 70f75eb1ec36a5dfad862569a12473d5bde6b5369f4c39eb1b2b5aa6f1c6683b57e28690631156945cb9cc599ee4993df43b654ae8e5b71fd5172d18f1f973d2
  languageName: node
  linkType: hard

"emoji-regex@npm:^8.0.0":
  version: 8.0.0
  resolution: "emoji-regex@npm:8.0.0"
  checksum: d4c5c39d5a9868b5fa152f00cada8a936868fd3367f33f71be515ecee4c803132d11b31a6222b2571b1e5f7e13890156a94880345594d0ce7e3c9895f560f192
  languageName: node
  linkType: hard

"end-of-stream@npm:^1.1.0":
  version: 1.4.5
  resolution: "end-of-stream@npm:1.4.5"
  dependencies:
    once: ^1.4.0
  checksum: 1e0cfa6e7f49887544e03314f9dfc56a8cb6dde910cbb445983ecc2ff426fc05946df9d75d8a21a3a64f2cecfe1bf88f773952029f46756b2ed64a24e95b1fb8
  languageName: node
  linkType: hard

"env-paths@npm:^2.2.1":
  version: 2.2.1
  resolution: "env-paths@npm:2.2.1"
  checksum: 65b5df55a8bab92229ab2b40dad3b387fad24613263d103a97f91c9fe43ceb21965cd3392b1ccb5d77088021e525c4e0481adb309625d0cb94ade1d1fb8dc17e
  languageName: node
  linkType: hard

"error-ex@npm:^1.3.1":
  version: 1.3.2
  resolution: "error-ex@npm:1.3.2"
  dependencies:
    is-arrayish: ^0.2.1
  checksum: c1c2b8b65f9c91b0f9d75f0debaa7ec5b35c266c2cac5de412c1a6de86d4cbae04ae44e510378cb14d032d0645a36925d0186f8bb7367bcc629db256b743a001
  languageName: node
  linkType: hard

"escalade@npm:^3.1.1":
  version: 3.2.0
  resolution: "escalade@npm:3.2.0"
  checksum: 47b029c83de01b0d17ad99ed766347b974b0d628e848de404018f3abee728e987da0d2d370ad4574aa3d5b5bfc368754fd085d69a30f8e75903486ec4b5b709e
  languageName: node
  linkType: hard

"escodegen@npm:^2.1.0":
  version: 2.1.0
  resolution: "escodegen@npm:2.1.0"
  dependencies:
    esprima: ^4.0.1
    estraverse: ^5.2.0
    esutils: ^2.0.2
    source-map: ~0.6.1
  dependenciesMeta:
    source-map:
      optional: true
  bin:
    escodegen: bin/escodegen.js
    esgenerate: bin/esgenerate.js
  checksum: 096696407e161305cd05aebb95134ad176708bc5cb13d0dcc89a5fcbb959b8ed757e7f2591a5f8036f8f4952d4a724de0df14cd419e29212729fa6df5ce16bf6
  languageName: node
  linkType: hard

"esprima@npm:^4.0.1":
  version: 4.0.1
  resolution: "esprima@npm:4.0.1"
  bin:
    esparse: ./bin/esparse.js
    esvalidate: ./bin/esvalidate.js
  checksum: b45bc805a613dbea2835278c306b91aff6173c8d034223fa81498c77dcbce3b2931bf6006db816f62eacd9fd4ea975dfd85a5b7f3c6402cfd050d4ca3c13a628
  languageName: node
  linkType: hard

"estraverse@npm:^5.2.0":
  version: 5.3.0
  resolution: "estraverse@npm:5.3.0"
  checksum: 072780882dc8416ad144f8fe199628d2b3e7bbc9989d9ed43795d2c90309a2047e6bc5979d7e2322a341163d22cfad9e21f4110597fe487519697389497e4e2b
  languageName: node
  linkType: hard

"esutils@npm:^2.0.2":
  version: 2.0.3
  resolution: "esutils@npm:2.0.3"
  checksum: 22b5b08f74737379a840b8ed2036a5fb35826c709ab000683b092d9054e5c2a82c27818f12604bfc2a9a76b90b6834ef081edbc1c7ae30d1627012e067c6ec87
  languageName: node
  linkType: hard

"extract-zip@npm:^2.0.1":
  version: 2.0.1
  resolution: "extract-zip@npm:2.0.1"
  dependencies:
    "@types/yauzl": ^2.9.1
    debug: ^4.1.1
    get-stream: ^5.1.0
    yauzl: ^2.10.0
  dependenciesMeta:
    "@types/yauzl":
      optional: true
  bin:
    extract-zip: cli.js
  checksum: 8cbda9debdd6d6980819cc69734d874ddd71051c9fe5bde1ef307ebcedfe949ba57b004894b585f758b7c9eeeea0e3d87f2dda89b7d25320459c2c9643ebb635
  languageName: node
  linkType: hard

"fast-fifo@npm:^1.2.0, fast-fifo@npm:^1.3.2":
  version: 1.3.2
  resolution: "fast-fifo@npm:1.3.2"
  checksum: 6bfcba3e4df5af7be3332703b69a7898a8ed7020837ec4395bb341bd96cc3a6d86c3f6071dd98da289618cf2234c70d84b2a6f09a33dd6f988b1ff60d8e54275
  languageName: node
  linkType: hard

"fd-slicer@npm:~1.1.0":
  version: 1.1.0
  resolution: "fd-slicer@npm:1.1.0"
  dependencies:
    pend: ~1.2.0
  checksum: c8585fd5713f4476eb8261150900d2cb7f6ff2d87f8feb306ccc8a1122efd152f1783bdb2b8dc891395744583436bfd8081d8e63ece0ec8687eeefea394d4ff2
  languageName: node
  linkType: hard

"get-caller-file@npm:^2.0.5":
  version: 2.0.5
  resolution: "get-caller-file@npm:2.0.5"
  checksum: b9769a836d2a98c3ee734a88ba712e62703f1df31b94b784762c433c27a386dd6029ff55c2a920c392e33657d80191edbf18c61487e198844844516f843496b9
  languageName: node
  linkType: hard

"get-stream@npm:^5.1.0":
  version: 5.2.0
  resolution: "get-stream@npm:5.2.0"
  dependencies:
    pump: ^3.0.0
  checksum: 8bc1a23174a06b2b4ce600df38d6c98d2ef6d84e020c1ddad632ad75bac4e092eeb40e4c09e0761c35fc2dbc5e7fff5dab5e763a383582c4a167dd69a905bd12
  languageName: node
  linkType: hard

"get-uri@npm:^6.0.1":
  version: 6.0.5
  resolution: "get-uri@npm:6.0.5"
  dependencies:
    basic-ftp: ^5.0.2
    data-uri-to-buffer: ^6.0.2
    debug: ^4.3.4
  checksum: aef94dbecde44bc9cd23f5c1b6af5bf772a3d16612c0fc37d3a4056ffd202f2cdd329746d4fdc2124813ea6c8b1c5279f3749d27226a2b161df43dbcb70082e3
  languageName: node
  linkType: hard

"http-proxy-agent@npm:^7.0.0, http-proxy-agent@npm:^7.0.1":
  version: 7.0.2
  resolution: "http-proxy-agent@npm:7.0.2"
  dependencies:
    agent-base: ^7.1.0
    debug: ^4.3.4
  checksum: 670858c8f8f3146db5889e1fa117630910101db601fff7d5a8aa637da0abedf68c899f03d3451cac2f83bcc4c3d2dabf339b3aa00ff8080571cceb02c3ce02f3
  languageName: node
  linkType: hard

"https-proxy-agent@npm:^7.0.6":
  version: 7.0.6
  resolution: "https-proxy-agent@npm:7.0.6"
  dependencies:
    agent-base: ^7.1.2
    debug: 4
  checksum: b882377a120aa0544846172e5db021fa8afbf83fea2a897d397bd2ddd8095ab268c24bc462f40a15f2a8c600bf4aa05ce52927f70038d4014e68aefecfa94e8d
  languageName: node
  linkType: hard

"import-fresh@npm:^3.3.0":
  version: 3.3.1
  resolution: "import-fresh@npm:3.3.1"
  dependencies:
    parent-module: ^1.0.0
    resolve-from: ^4.0.0
  checksum: a06b19461b4879cc654d46f8a6244eb55eb053437afd4cbb6613cad6be203811849ed3e4ea038783092879487299fda24af932b86bdfff67c9055ba3612b8c87
  languageName: node
  linkType: hard

"ip-address@npm:^10.0.1":
  version: 10.0.1
  resolution: "ip-address@npm:10.0.1"
  checksum: 525d5391cfd31a91f80f5857e98487aeaa8474e860a6725a0b6461ac8e436c7f8c869774dece391c8f8e7486306a34a4d1c094778c4c583a3f1f2cd905e5ed50
  languageName: node
  linkType: hard

"is-arrayish@npm:^0.2.1":
  version: 0.2.1
  resolution: "is-arrayish@npm:0.2.1"
  checksum: eef4417e3c10e60e2c810b6084942b3ead455af16c4509959a27e490e7aee87cfb3f38e01bbde92220b528a0ee1a18d52b787e1458ee86174d8c7f0e58cd488f
  languageName: node
  linkType: hard

"is-arrayish@npm:^0.3.1":
  version: 0.3.4
  resolution: "is-arrayish@npm:0.3.4"
  checksum: 09816634eb7b6e357067f6b49c7656b4aff6d8b25486553d086bab53ce0f929c0293906539503b2a317f3137b5a5cd7e9ea01305f6090c0037c4340d9121420d
  languageName: node
  linkType: hard

"is-fullwidth-code-point@npm:^3.0.0":
  version: 3.0.0
  resolution: "is-fullwidth-code-point@npm:3.0.0"
  checksum: 44a30c29457c7fb8f00297bce733f0a64cd22eca270f83e58c105e0d015e45c019491a4ab2faef91ab51d4738c670daff901c799f6a700e27f7314029e99e348
  languageName: node
  linkType: hard

"js-tokens@npm:^4.0.0":
  version: 4.0.0
  resolution: "js-tokens@npm:4.0.0"
  checksum: 8a95213a5a77deb6cbe94d86340e8d9ace2b93bc367790b260101d2f36a2eaf4e4e22d9fa9cf459b38af3a32fb4190e638024cf82ec95ef708680e405ea7cc78
  languageName: node
  linkType: hard

"js-yaml@npm:^4.1.0":
  version: 4.1.0
  resolution: "js-yaml@npm:4.1.0"
  dependencies:
    argparse: ^2.0.1
  bin:
    js-yaml: bin/js-yaml.js
  checksum: c7830dfd456c3ef2c6e355cc5a92e6700ceafa1d14bba54497b34a99f0376cecbb3e9ac14d3e5849b426d5a5140709a66237a8c991c675431271c4ce5504151a
  languageName: node
  linkType: hard

"json-parse-even-better-errors@npm:^2.3.0":
  version: 2.3.1
  resolution: "json-parse-even-better-errors@npm:2.3.1"
  checksum: 798ed4cf3354a2d9ccd78e86d2169515a0097a5c133337807cdf7f1fc32e1391d207ccfc276518cc1d7d8d4db93288b8a50ba4293d212ad1336e52a8ec0a941f
  languageName: node
  linkType: hard

"lines-and-columns@npm:^1.1.6":
  version: 1.2.4
  resolution: "lines-and-columns@npm:1.2.4"
  checksum: 0c37f9f7fa212b38912b7145e1cd16a5f3cd34d782441c3e6ca653485d326f58b3caccda66efce1c5812bde4961bbde3374fae4b0d11bf1226152337f3894aa5
  languageName: node
  linkType: hard

"lru-cache@npm:^7.14.1":
  version: 7.18.3
  resolution: "lru-cache@npm:7.18.3"
  checksum: e550d772384709deea3f141af34b6d4fa392e2e418c1498c078de0ee63670f1f46f5eee746e8ef7e69e1c895af0d4224e62ee33e66a543a14763b0f2e74c1356
  languageName: node
  linkType: hard

"mitt@npm:^3.0.1":
  version: 3.0.1
  resolution: "mitt@npm:3.0.1"
  checksum: b55a489ac9c2949ab166b7f060601d3b6d893a852515ae9eca4e11df01c013876df777ea109317622b5c1c60e8aae252558e33c8c94e14124db38f64a39614b1
  languageName: node
  linkType: hard

"ms@npm:^2.1.3":
  version: 2.1.3
  resolution: "ms@npm:2.1.3"
  checksum: aa92de608021b242401676e35cfa5aa42dd70cbdc082b916da7fb925c542173e36bce97ea3e804923fe92c0ad991434e4a38327e15a1b5b5f945d66df615ae6d
  languageName: node
  linkType: hard

"netmask@npm:^2.0.2":
  version: 2.0.2
  resolution: "netmask@npm:2.0.2"
  checksum: c65cb8d3f7ea5669edddb3217e4c96910a60d0d9a4b52d9847ff6b28b2d0277cd8464eee0ef85133cdee32605c57940cacdd04a9a019079b091b6bba4cb0ec22
  languageName: node
  linkType: hard

"once@npm:^1.3.1, once@npm:^1.4.0":
  version: 1.4.0
  resolution: "once@npm:1.4.0"
  dependencies:
    wrappy: 1
  checksum: cd0a88501333edd640d95f0d2700fbde6bff20b3d4d9bdc521bdd31af0656b5706570d6c6afe532045a20bb8dc0849f8332d6f2a416e0ba6d3d3b98806c7db68
  languageName: node
  linkType: hard

"pac-proxy-agent@npm:^7.1.0":
  version: 7.2.0
  resolution: "pac-proxy-agent@npm:7.2.0"
  dependencies:
    "@tootallnate/quickjs-emscripten": ^0.23.0
    agent-base: ^7.1.2
    debug: ^4.3.4
    get-uri: ^6.0.1
    http-proxy-agent: ^7.0.0
    https-proxy-agent: ^7.0.6
    pac-resolver: ^7.0.1
    socks-proxy-agent: ^8.0.5
  checksum: 099c1bc8944da6a98e8b7de1fbf23e4014bc3063f66a7c29478bd852c1162e1d086a4f80f874f40961ebd5c516e736aed25852db97b79360cbdcc9db38086981
  languageName: node
  linkType: hard

"pac-resolver@npm:^7.0.1":
  version: 7.0.1
  resolution: "pac-resolver@npm:7.0.1"
  dependencies:
    degenerator: ^5.0.0
    netmask: ^2.0.2
  checksum: 839134328781b80d49f9684eae1f5c74f50a1d4482076d44c84fc2f3ca93da66fa11245a4725a057231e06b311c20c989fd0681e662a0792d17f644d8fe62a5e
  languageName: node
  linkType: hard

"parent-module@npm:^1.0.0":
  version: 1.0.1
  resolution: "parent-module@npm:1.0.1"
  dependencies:
    callsites: ^3.0.0
  checksum: 6ba8b255145cae9470cf5551eb74be2d22281587af787a2626683a6c20fbb464978784661478dd2a3f1dad74d1e802d403e1b03c1a31fab310259eec8ac560ff
  languageName: node
  linkType: hard

"parse-json@npm:^5.2.0":
  version: 5.2.0
  resolution: "parse-json@npm:5.2.0"
  dependencies:
    "@babel/code-frame": ^7.0.0
    error-ex: ^1.3.1
    json-parse-even-better-errors: ^2.3.0
    lines-and-columns: ^1.1.6
  checksum: 62085b17d64da57f40f6afc2ac1f4d95def18c4323577e1eced571db75d9ab59b297d1d10582920f84b15985cbfc6b6d450ccbf317644cfa176f3ed982ad87e2
  languageName: node
  linkType: hard

"pend@npm:~1.2.0":
  version: 1.2.0
  resolution: "pend@npm:1.2.0"
  checksum: 6c72f5243303d9c60bd98e6446ba7d30ae29e3d56fdb6fae8767e8ba6386f33ee284c97efe3230a0d0217e2b1723b8ab490b1bbf34fcbb2180dbc8a9de47850d
  languageName: node
  linkType: hard

"picocolors@npm:^1.1.1":
  version: 1.1.1
  resolution: "picocolors@npm:1.1.1"
  checksum: e1cf46bf84886c79055fdfa9dcb3e4711ad259949e3565154b004b260cd356c5d54b31a1437ce9782624bf766272fe6b0154f5f0c744fb7af5d454d2b60db045
  languageName: node
  linkType: hard

"pixelmatch@npm:^7.1.0":
  version: 7.1.0
  resolution: "pixelmatch@npm:7.1.0"
  dependencies:
    pngjs: ^7.0.0
  bin:
    pixelmatch: bin/pixelmatch
  checksum: 0ad2e863e0e87ae52289c4366860a4040712a30a1e19c606745b9750b3ecda6f587dc959ce452818c50c7753ef6916f23026c14ef4d5f6c3b13c8205d61b923d
  languageName: node
  linkType: hard

"pngjs@npm:^7.0.0":
  version: 7.0.0
  resolution: "pngjs@npm:7.0.0"
  checksum: b19a018930d27de26229c1b3ff250b3a25d09caa22cbb0b0459987d91eb0a560a18ab5d67da45a38ed7514140f26d1db58de83c31159ec101f2bb270a3c707f1
  languageName: node
  linkType: hard

"progress@npm:^2.0.3":
  version: 2.0.3
  resolution: "progress@npm:2.0.3"
  checksum: f67403fe7b34912148d9252cb7481266a354bd99ce82c835f79070643bb3c6583d10dbcfda4d41e04bbc1d8437e9af0fb1e1f2135727878f5308682a579429b7
  languageName: node
  linkType: hard

"proxy-agent@npm:^6.5.0":
  version: 6.5.0
  resolution: "proxy-agent@npm:6.5.0"
  dependencies:
    agent-base: ^7.1.2
    debug: ^4.3.4
    http-proxy-agent: ^7.0.1
    https-proxy-agent: ^7.0.6
    lru-cache: ^7.14.1
    pac-proxy-agent: ^7.1.0
    proxy-from-env: ^1.1.0
    socks-proxy-agent: ^8.0.5
  checksum: d03ad2d171c2768280ade7ea6a7c5b1d0746215d70c0a16e02780c26e1d347edd27b3f48374661ae54ec0f7b41e6e45175b687baf333b36b1fd109a525154806
  languageName: node
  linkType: hard

"proxy-from-env@npm:^1.1.0":
  version: 1.1.0
  resolution: "proxy-from-env@npm:1.1.0"
  checksum: ed7fcc2ba0a33404958e34d95d18638249a68c430e30fcb6c478497d72739ba64ce9810a24f53a7d921d0c065e5b78e3822759800698167256b04659366ca4d4
  languageName: node
  linkType: hard

"pump@npm:^3.0.0":
  version: 3.0.3
  resolution: "pump@npm:3.0.3"
  dependencies:
    end-of-stream: ^1.1.0
    once: ^1.3.1
  checksum: 52843fc933b838c0330f588388115a1b28ef2a5ffa7774709b142e35431e8ab0c2edec90de3fa34ebb72d59fef854f151eea7dfc211b6dcf586b384556bd2f39
  languageName: node
  linkType: hard

"puppeteer-core@npm:24.20.0":
  version: 24.20.0
  resolution: "puppeteer-core@npm:24.20.0"
  dependencies:
    "@puppeteer/browsers": 2.10.9
    chromium-bidi: 8.0.0
    debug: ^4.4.1
    devtools-protocol: 0.0.1495869
    typed-query-selector: ^2.12.0
    webdriver-bidi-protocol: 0.2.8
    ws: ^8.18.3
  checksum: 05e8db33bb9af10aa118f22ca8d3c75d76d73988a9417a686010b1920d971aefe4fb9bd004132ed552cfccb440fb3f386f3cf1641dc529a57e6e1d8b1879c64f
  languageName: node
  linkType: hard

"puppeteer@npm:^24.20.0":
  version: 24.20.0
  resolution: "puppeteer@npm:24.20.0"
  dependencies:
    "@puppeteer/browsers": 2.10.9
    chromium-bidi: 8.0.0
    cosmiconfig: ^9.0.0
    devtools-protocol: 0.0.1495869
    puppeteer-core: 24.20.0
    typed-query-selector: ^2.12.0
  bin:
    puppeteer: lib/cjs/puppeteer/node/cli.js
  checksum: 7926a91a34ad1378ac63a379961473615d000277406b63d6f0544c3fb82128020fbdc89155e4376bb7a2cdab0178609f444b219d3f00820f825133e3fc2ddeca
  languageName: node
  linkType: hard

"require-directory@npm:^2.1.1":
  version: 2.1.1
  resolution: "require-directory@npm:2.1.1"
  checksum: fb47e70bf0001fdeabdc0429d431863e9475e7e43ea5f94ad86503d918423c1543361cc5166d713eaa7029dd7a3d34775af04764bebff99ef413111a5af18c80
  languageName: node
  linkType: hard

"resolve-from@npm:^4.0.0":
  version: 4.0.0
  resolution: "resolve-from@npm:4.0.0"
  checksum: f4ba0b8494846a5066328ad33ef8ac173801a51739eb4d63408c847da9a2e1c1de1e6cbbf72699211f3d13f8fc1325648b169bd15eb7da35688e30a5fb0e4a7f
  languageName: node
  linkType: hard

"semver@npm:^7.7.2":
  version: 7.7.2
  resolution: "semver@npm:7.7.2"
  bin:
    semver: bin/semver.js
  checksum: dd94ba8f1cbc903d8eeb4dd8bf19f46b3deb14262b6717d0de3c804b594058ae785ef2e4b46c5c3b58733c99c83339068203002f9e37cfe44f7e2cc5e3d2f621
  languageName: node
  linkType: hard

"sharp@npm:^0.34.3":
  version: 0.34.3
  resolution: "sharp@npm:0.34.3"
  dependencies:
    "@img/sharp-darwin-arm64": 0.34.3
    "@img/sharp-darwin-x64": 0.34.3
    "@img/sharp-libvips-darwin-arm64": 1.2.0
    "@img/sharp-libvips-darwin-x64": 1.2.0
    "@img/sharp-libvips-linux-arm": 1.2.0
    "@img/sharp-libvips-linux-arm64": 1.2.0
    "@img/sharp-libvips-linux-ppc64": 1.2.0
    "@img/sharp-libvips-linux-s390x": 1.2.0
    "@img/sharp-libvips-linux-x64": 1.2.0
    "@img/sharp-libvips-linuxmusl-arm64": 1.2.0
    "@img/sharp-libvips-linuxmusl-x64": 1.2.0
    "@img/sharp-linux-arm": 0.34.3
    "@img/sharp-linux-arm64": 0.34.3
    "@img/sharp-linux-ppc64": 0.34.3
    "@img/sharp-linux-s390x": 0.34.3
    "@img/sharp-linux-x64": 0.34.3
    "@img/sharp-linuxmusl-arm64": 0.34.3
    "@img/sharp-linuxmusl-x64": 0.34.3
    "@img/sharp-wasm32": 0.34.3
    "@img/sharp-win32-arm64": 0.34.3
    "@img/sharp-win32-ia32": 0.34.3
    "@img/sharp-win32-x64": 0.34.3
    color: ^4.2.3
    detect-libc: ^2.0.4
    semver: ^7.7.2
  dependenciesMeta:
    "@img/sharp-darwin-arm64":
      optional: true
    "@img/sharp-darwin-x64":
      optional: true
    "@img/sharp-libvips-darwin-arm64":
      optional: true
    "@img/sharp-libvips-darwin-x64":
      optional: true
    "@img/sharp-libvips-linux-arm":
      optional: true
    "@img/sharp-libvips-linux-arm64":
      optional: true
    "@img/sharp-libvips-linux-ppc64":
      optional: true
    "@img/sharp-libvips-linux-s390x":
      optional: true
    "@img/sharp-libvips-linux-x64":
      optional: true
    "@img/sharp-libvips-linuxmusl-arm64":
      optional: true
    "@img/sharp-libvips-linuxmusl-x64":
      optional: true
    "@img/sharp-linux-arm":
      optional: true
    "@img/sharp-linux-arm64":
      optional: true
    "@img/sharp-linux-ppc64":
      optional: true
    "@img/sharp-linux-s390x":
      optional: true
    "@img/sharp-linux-x64":
      optional: true
    "@img/sharp-linuxmusl-arm64":
      optional: true
    "@img/sharp-linuxmusl-x64":
      optional: true
    "@img/sharp-wasm32":
      optional: true
    "@img/sharp-win32-arm64":
      optional: true
    "@img/sharp-win32-ia32":
      optional: true
    "@img/sharp-win32-x64":
      optional: true
  checksum: f1d70751ab15080957f1a5db5583d00b002e644878e3e9a6d00bdbb31255f6e9df218ef82d96d3588b83023681f35bcf03e265a44e214b11306ef3fb439ac04d
  languageName: node
  linkType: hard

"simple-swizzle@npm:^0.2.2":
  version: 0.2.4
  resolution: "simple-swizzle@npm:0.2.4"
  dependencies:
    is-arrayish: ^0.3.1
  checksum: 9a2f6f39a6b9fab68f96903523bf19953ec21e5e843108154cf47a9cc0f78955dd44f64499ffb71a849ac10c758d9fab7533627c7ca3ab40b5c177117acfdc1b
  languageName: node
  linkType: hard

"smart-buffer@npm:^4.2.0":
  version: 4.2.0
  resolution: "smart-buffer@npm:4.2.0"
  checksum: b5167a7142c1da704c0e3af85c402002b597081dd9575031a90b4f229ca5678e9a36e8a374f1814c8156a725d17008ae3bde63b92f9cfd132526379e580bec8b
  languageName: node
  linkType: hard

"socks-proxy-agent@npm:^8.0.5":
  version: 8.0.5
  resolution: "socks-proxy-agent@npm:8.0.5"
  dependencies:
    agent-base: ^7.1.2
    debug: ^4.3.4
    socks: ^2.8.3
  checksum: b4fbcdb7ad2d6eec445926e255a1fb95c975db0020543fbac8dfa6c47aecc6b3b619b7fb9c60a3f82c9b2969912a5e7e174a056ae4d98cb5322f3524d6036e1d
  languageName: node
  linkType: hard

"socks@npm:^2.8.3":
  version: 2.8.7
  resolution: "socks@npm:2.8.7"
  dependencies:
    ip-address: ^10.0.1
    smart-buffer: ^4.2.0
  checksum: 4bbe2c88cf0eeaf49f94b7f11564a99b2571bde6fd1e714ff95b38f89e1f97858c19e0ab0e6d39eb7f6a984fa67366825895383ed563fe59962a1d57a1d55318
  languageName: node
  linkType: hard

"source-map@npm:~0.6.1":
  version: 0.6.1
  resolution: "source-map@npm:0.6.1"
  checksum: 59ce8640cf3f3124f64ac289012c2b8bd377c238e316fb323ea22fbfe83da07d81e000071d7242cad7a23cd91c7de98e4df8830ec3f133cb6133a5f6e9f67bc2
  languageName: node
  linkType: hard

"streamx@npm:^2.15.0, streamx@npm:^2.21.0":
  version: 2.22.1
  resolution: "streamx@npm:2.22.1"
  dependencies:
    bare-events: ^2.2.0
    fast-fifo: ^1.3.2
    text-decoder: ^1.1.0
  dependenciesMeta:
    bare-events:
      optional: true
  checksum: 26e66c75eca24bf00c0fe8392a67c5c5783450e2596a5bb598c25fd51241c42aaaa64c31ff89c97cdf77ee7c9e915d5e201bc0dd4f8d949ec0c66dad6bf7cd91
  languageName: node
  linkType: hard

"string-width@npm:^4.1.0, string-width@npm:^4.2.0, string-width@npm:^4.2.3":
  version: 4.2.3
  resolution: "string-width@npm:4.2.3"
  dependencies:
    emoji-regex: ^8.0.0
    is-fullwidth-code-point: ^3.0.0
    strip-ansi: ^6.0.1
  checksum: e52c10dc3fbfcd6c3a15f159f54a90024241d0f149cf8aed2982a2d801d2e64df0bf1dc351cf8e95c3319323f9f220c16e740b06faecd53e2462df1d2b5443fb
  languageName: node
  linkType: hard

"strip-ansi@npm:^6.0.0, strip-ansi@npm:^6.0.1":
  version: 6.0.1
  resolution: "strip-ansi@npm:6.0.1"
  dependencies:
    ansi-regex: ^5.0.1
  checksum: f3cd25890aef3ba6e1a74e20896c21a46f482e93df4a06567cebf2b57edabb15133f1f94e57434e0a958d61186087b1008e89c94875d019910a213181a14fc8c
  languageName: node
  linkType: hard

"tar-fs@npm:^3.1.0":
  version: 3.1.0
  resolution: "tar-fs@npm:3.1.0"
  dependencies:
    bare-fs: ^4.0.1
    bare-path: ^3.0.0
    pump: ^3.0.0
    tar-stream: ^3.1.5
  dependenciesMeta:
    bare-fs:
      optional: true
    bare-path:
      optional: true
  checksum: 279c6c4ee1c53593bad4e5ae044ff14b2210d68f559097ac48bf0638698f740f4b894ab22fa1860f5f9f0be8c4003bf16c3614759aeebf50ee3593c49213c357
  languageName: node
  linkType: hard

"tar-stream@npm:^3.1.5":
  version: 3.1.7
  resolution: "tar-stream@npm:3.1.7"
  dependencies:
    b4a: ^1.6.4
    fast-fifo: ^1.2.0
    streamx: ^2.15.0
  checksum: 6393a6c19082b17b8dcc8e7fd349352bb29b4b8bfe1075912b91b01743ba6bb4298f5ff0b499a3bbaf82121830e96a1a59d4f21a43c0df339e54b01789cb8cc6
  languageName: node
  linkType: hard

"text-decoder@npm:^1.1.0":
  version: 1.2.3
  resolution: "text-decoder@npm:1.2.3"
  dependencies:
    b4a: ^1.6.4
  checksum: d7642a61f9d72330eac52ff6b6e8d34dea03ebbb1e82749a8734e7892e246cf262ed70730d20c4351c5dc5334297b9cc6c0b6a8725a204a63a197d7728bb35e5
  languageName: node
  linkType: hard

"tslib@npm:^2.0.1, tslib@npm:^2.4.0":
  version: 2.8.1
  resolution: "tslib@npm:2.8.1"
  checksum: e4aba30e632b8c8902b47587fd13345e2827fa639e7c3121074d5ee0880723282411a8838f830b55100cbe4517672f84a2472667d355b81e8af165a55dc6203a
  languageName: node
  linkType: hard

"typed-query-selector@npm:^2.12.0":
  version: 2.12.0
  resolution: "typed-query-selector@npm:2.12.0"
  checksum: c4652f2eec16112d69e0da30c2effab3f03d1710f9559da1e1209bbfc9a20990d5de4ba97890c11f9d17d85c8ae3310953a86c198166599d4c36abc63664f169
  languageName: node
  linkType: hard

"undici-types@npm:~7.10.0":
  version: 7.10.0
  resolution: "undici-types@npm:7.10.0"
  checksum: 6917fcd8c80963919fe918952f9243a6749af0e3f759a39f8d2c2486144a66c86ae4125aebbce700b636cb1dcd45e85eb8c49c60d60738a97b63f0e89ef9b053
  languageName: node
  linkType: hard

"webdriver-bidi-protocol@npm:0.2.8":
  version: 0.2.8
  resolution: "webdriver-bidi-protocol@npm:0.2.8"
  checksum: c3567ba5c78027a45f8ec86e3fc6e25b8fd17cb97295e3fb07a5c389cecc18eaed2f3fc03708c068d605958925c5b29f2195c34839f5505f6f34232cb43fd495
  languageName: node
  linkType: hard

"wrap-ansi@npm:^7.0.0":
  version: 7.0.0
  resolution: "wrap-ansi@npm:7.0.0"
  dependencies:
    ansi-styles: ^4.0.0
    string-width: ^4.1.0
    strip-ansi: ^6.0.0
  checksum: a790b846fd4505de962ba728a21aaeda189b8ee1c7568ca5e817d85930e06ef8d1689d49dbf0e881e8ef84436af3a88bc49115c2e2788d841ff1b8b5b51a608b
  languageName: node
  linkType: hard

"wrappy@npm:1":
  version: 1.0.2
  resolution: "wrappy@npm:1.0.2"
  checksum: 159da4805f7e84a3d003d8841557196034155008f817172d4e986bd591f74aa82aa7db55929a54222309e01079a65a92a9e6414da5a6aa4b01ee44a511ac3ee5
  languageName: node
  linkType: hard

"ws@npm:^8.18.3":
  version: 8.18.3
  resolution: "ws@npm:8.18.3"
  peerDependencies:
    bufferutil: ^4.0.1
    utf-8-validate: ">=5.0.2"
  peerDependenciesMeta:
    bufferutil:
      optional: true
    utf-8-validate:
      optional: true
  checksum: d64ef1631227bd0c5fe21b3eb3646c9c91229402fb963d12d87b49af0a1ef757277083af23a5f85742bae1e520feddfb434cb882ea59249b15673c16dc3f36e0
  languageName: node
  linkType: hard

"y18n@npm:^5.0.5":
  version: 5.0.8
  resolution: "y18n@npm:5.0.8"
  checksum: 54f0fb95621ee60898a38c572c515659e51cc9d9f787fb109cef6fde4befbe1c4602dc999d30110feee37456ad0f1660fa2edcfde6a9a740f86a290999550d30
  languageName: node
  linkType: hard

"yargs-parser@npm:^21.1.1":
  version: 21.1.1
  resolution: "yargs-parser@npm:21.1.1"
  checksum: ed2d96a616a9e3e1cc7d204c62ecc61f7aaab633dcbfab2c6df50f7f87b393993fe6640d017759fe112d0cb1e0119f2b4150a87305cc873fd90831c6a58ccf1c
  languageName: node
  linkType: hard

"yargs@npm:^17.7.2":
  version: 17.7.2
  resolution: "yargs@npm:17.7.2"
  dependencies:
    cliui: ^8.0.1
    escalade: ^3.1.1
    get-caller-file: ^2.0.5
    require-directory: ^2.1.1
    string-width: ^4.2.3
    y18n: ^5.0.5
    yargs-parser: ^21.1.1
  checksum: 73b572e863aa4a8cbef323dd911d79d193b772defd5a51aab0aca2d446655216f5002c42c5306033968193bdbf892a7a4c110b0d77954a7fdf563e653967b56a
  languageName: node
  linkType: hard

"yauzl@npm:^2.10.0":
  version: 2.10.0
  resolution: "yauzl@npm:2.10.0"
  dependencies:
    buffer-crc32: ~0.2.3
    fd-slicer: ~1.1.0
  checksum: 7f21fe0bbad6e2cb130044a5d1d0d5a0e5bf3d8d4f8c4e6ee12163ce798fee3de7388d22a7a0907f563ac5f9d40f8699a223d3d5c1718da90b0156da6904022b
  languageName: node
  linkType: hard

"zod@npm:^3.24.1":
  version: 3.25.76
  resolution: "zod@npm:3.25.76"
  checksum: c9a403a62b329188a5f6bd24d5d935d2bba345f7ab8151d1baa1505b5da9f227fb139354b043711490c798e91f3df75991395e40142e6510a4b16409f302b849
  languageName: node
  linkType: hard
